
Microsoft Visual Studio Solution File, Format Version 12.00
# Visual Studio Version 16
VisualStudioVersion = 16.0.30002.166
MinimumVisualStudioVersion = 10.0.40219.1
Project("{FAE04EC0-301F-11D3-BF4B-00C04F79EFBC}") = "Assignment", "Assignment.csproj", "{5CBE2DBB-8E99-40A0-BA6A-3293ED61D61D}"
EndProject
Global
	GlobalSection(SolutionConfigurationPlatforms) = preSolution
		Debug|Any CPU = Debug|Any CPU
		Release|Any CPU = Release|Any CPU
	EndGlobalSection
	GlobalSection(ProjectConfigurationPlatforms) = postSolution
		{5CBE2DBB-8E99-40A0-BA6A-3293ED61D61D}.Debug|Any CPU.ActiveCfg = Debug|Any CPU
		{5CBE2DBB-8E99-40A0-BA6A-3293ED61D61D}.Debug|Any CPU.Build.0 = Debug|Any CPU
		{5CBE2DBB-8E99-40A0-BA6A-3293ED61D61D}.Release|Any CPU.ActiveCfg = Release|Any CPU
		{5CBE2DBB-8E99-40A0-BA6A-3293ED61D61D}.Release|Any CPU.Build.0 = Release|Any CPU
	EndGlobalSection
	GlobalSection(SolutionProperties) = preSolution
		HideSolutionNode = FALSE
	EndGlobalSection
	GlobalSection(ExtensibilityGlobals) = postSolution
		SolutionGuid = {E5E4C9A7-7288-4021-B925-C32F7B0CF056}
	EndGlobalSection
EndGlobal
